
Microsoft Visual Studio Solution File, Format Version 12.00
# Visual Studio Version 16
VisualStudioVersion = 16.0.31129.286
MinimumVisualStudioVersion = 10.0.40219.1
Project("{FAE04EC0-301F-11D3-BF4B-00C04F79EFBC}") = "my attempt at coding tetris in the console", "my attempt at coding tetris in the console\my attempt at coding tetris in the console.csproj", "{1F2D4D79-ADA3-494E-8C98-FF778F376415}"
EndProject
Global
	GlobalSection(SolutionConfigurationPlatforms) = preSolution
		Debug|Any CPU = Debug|Any CPU
		Release|Any CPU = Release|Any CPU
	EndGlobalSection
	GlobalSection(ProjectConfigurationPlatforms) = postSolution
		{1F2D4D79-ADA3-494E-8C98-FF778F376415}.Debug|Any CPU.ActiveCfg = Debug|Any CPU
		{1F2D4D79-ADA3-494E-8C98-FF778F376415}.Debug|Any CPU.Build.0 = Debug|Any CPU
		{1F2D4D79-ADA3-494E-8C98-FF778F376415}.Release|Any CPU.ActiveCfg = Release|Any CPU
		{1F2D4D79-ADA3-494E-8C98-FF778F376415}.Release|Any CPU.Build.0 = Release|Any CPU
	EndGlobalSection
	GlobalSection(SolutionProperties) = preSolution
		HideSolutionNode = FALSE
	EndGlobalSection
	GlobalSection(ExtensibilityGlobals) = postSolution
		SolutionGuid = {BDFB71F8-2F40-483F-9BEF-17F5BAF01B4E}
	EndGlobalSection
EndGlobal
